
Microsoft Visual Studio Solution File, Format Version 12.00
# Visual Studio Version 17
VisualStudioVersion = 17.0.32014.148
MinimumVisualStudioVersion = 10.0.40219.1
Project("{FAE04EC0-301F-11D3-BF4B-00C04F79EFBC}") = "LeaFLib.Extensions.Core", "LeaFLib.Extensions.Core\LeaFLib.Extensions.Core.csproj", "{FF6DED16-E23F-48F2-96D8-24E39794799F}"
EndProject
Global
	GlobalSection(SolutionConfigurationPlatforms) = preSolution
		Debug|Any CPU = Debug|Any CPU
		Release|Any CPU = Release|Any CPU
	EndGlobalSection
	GlobalSection(ProjectConfigurationPlatforms) = postSolution
		{FF6DED16-E23F-48F2-96D8-24E39794799F}.Debug|Any CPU.ActiveCfg = Debug|Any CPU
		{FF6DED16-E23F-48F2-96D8-24E39794799F}.Debug|Any CPU.Build.0 = Debug|Any CPU
		{FF6DED16-E23F-48F2-96D8-24E39794799F}.Release|Any CPU.ActiveCfg = Release|Any CPU
		{FF6DED16-E23F-48F2-96D8-24E39794799F}.Release|Any CPU.Build.0 = Release|Any CPU
	EndGlobalSection
	GlobalSection(SolutionProperties) = preSolution
		HideSolutionNode = FALSE
	EndGlobalSection
	GlobalSection(ExtensibilityGlobals) = postSolution
		SolutionGuid = {C58CEE81-CDEF-442E-A9DF-6A7008438F6D}
	EndGlobalSection
EndGlobal
